
Microsoft Visual Studio Solution File, Format Version 12.00
# Visual Studio Version 16
VisualStudioVersion = 16.0.30330.147
MinimumVisualStudioVersion = 10.0.40219.1
Project("{9A19103F-16F7-4668-BE54-9A1E7A4F7556}") = "Scriper", "Scriper\Scriper.csproj", "{5394139E-7365-4BC8-828C-C805F244538E}"
EndProject
Project("{9A19103F-16F7-4668-BE54-9A1E7A4F7556}") = "ScriperLib", "ScriperLib\ScriperLib.csproj", "{742635AC-BB77-4A7A-80C1-F6D57F9B53E3}"
EndProject
Project("{9A19103F-16F7-4668-BE54-9A1E7A4F7556}") = "Scriper.UnitTests", "Scriper.UnitTests\Scriper.UnitTests.csproj", "{1373679A-A4AE-40E5-8968-29D5E955DCC6}"
EndProject
Project("{2150E333-8FDC-42A3-9474-1A3956D46DE8}") = "Install", "Install", "{36B7CBBB-410A-43B1-83D7-6527EBAD1EC8}"
	ProjectSection(SolutionItems) = preProject
		Install\installScript.nsi = Install\installScript.nsi
	EndProjectSection
EndProject
Global
	GlobalSection(SolutionConfigurationPlatforms) = preSolution
		Debug|Any CPU = Debug|Any CPU
		Release|Any CPU = Release|Any CPU
	EndGlobalSection
	GlobalSection(ProjectConfigurationPlatforms) = postSolution
		{5394139E-7365-4BC8-828C-C805F244538E}.Debug|Any CPU.ActiveCfg = Debug|Any CPU
		{5394139E-7365-4BC8-828C-C805F244538E}.Debug|Any CPU.Build.0 = Debug|Any CPU
		{5394139E-7365-4BC8-828C-C805F244538E}.Release|Any CPU.ActiveCfg = Release|Any CPU
		{5394139E-7365-4BC8-828C-C805F244538E}.Release|Any CPU.Build.0 = Release|Any CPU
		{742635AC-BB77-4A7A-80C1-F6D57F9B53E3}.Debug|Any CPU.ActiveCfg = Debug|Any CPU
		{742635AC-BB77-4A7A-80C1-F6D57F9B53E3}.Debug|Any CPU.Build.0 = Debug|Any CPU
		{742635AC-BB77-4A7A-80C1-F6D57F9B53E3}.Release|Any CPU.ActiveCfg = Release|Any CPU
		{742635AC-BB77-4A7A-80C1-F6D57F9B53E3}.Release|Any CPU.Build.0 = Release|Any CPU
		{1373679A-A4AE-40E5-8968-29D5E955DCC6}.Debug|Any CPU.ActiveCfg = Debug|Any CPU
		{1373679A-A4AE-40E5-8968-29D5E955DCC6}.Debug|Any CPU.Build.0 = Debug|Any CPU
		{1373679A-A4AE-40E5-8968-29D5E955DCC6}.Release|Any CPU.ActiveCfg = Release|Any CPU
		{1373679A-A4AE-40E5-8968-29D5E955DCC6}.Release|Any CPU.Build.0 = Release|Any CPU
	EndGlobalSection
	GlobalSection(SolutionProperties) = preSolution
		HideSolutionNode = FALSE
	EndGlobalSection
	GlobalSection(ExtensibilityGlobals) = postSolution
		SolutionGuid = {3593B751-67B8-40DA-9641-F1E47C603063}
	EndGlobalSection
EndGlobal
